{
  "version": 1,
  "dependencies": {
    "net8.0-windows7.0": {
      "DotRecast.Recast": {
        "type": "Direct",
        "requested": "[2026.3.1, )",
        "resolved": "2026.3.1",
        "contentHash": "DHSfwiKJ4T+e/YjGUMVbTabegcyjk/cEhI2edEn9uSAnRmB6mI78LNtP0cvHYiyShx1Csb26bTrmefUVt5kygA==",
        "dependencies": {
          "DotRecast.Core": "2026.3.1"
        }
      },
      "DotRecast.Core": {
        "type": "Transitive",
        "resolved": "2026.3.1",
        "contentHash": "26TjlLSHnTY3qBu0AzuItDqV8Q57TNdSsi1GCnrmCZlwQmUaLScz/FlZUwSJcv9P0PPKiAClfgwCVk8p+Z2ccw=="
      }
    },
    "net8.0-windows7.0/win-x64": {}
  }
}